
Microsoft Visual Studio Solution File, Format Version 12.00
# Visual Studio Version 17
VisualStudioVersion = 17.11.35219.272
MinimumVisualStudioVersion = 10.0.40219.1
Project("{FAE04EC0-301F-11D3-BF4B-00C04F79EFBC}") = "Kapitel 3 Uppgift 3.2", "Kapitel 3 Uppgift 3.2\Kapitel 3 Uppgift 3.2.csproj", "{4FB842BF-4996-42C5-81AB-AC01AEBCD10E}"
EndProject
Global
	GlobalSection(SolutionConfigurationPlatforms) = preSolution
		Debug|Any CPU = Debug|Any CPU
		Release|Any CPU = Release|Any CPU
	EndGlobalSection
	GlobalSection(ProjectConfigurationPlatforms) = postSolution
		{4FB842BF-4996-42C5-81AB-AC01AEBCD10E}.Debug|Any CPU.ActiveCfg = Debug|Any CPU
		{4FB842BF-4996-42C5-81AB-AC01AEBCD10E}.Debug|Any CPU.Build.0 = Debug|Any CPU
		{4FB842BF-4996-42C5-81AB-AC01AEBCD10E}.Release|Any CPU.ActiveCfg = Release|Any CPU
		{4FB842BF-4996-42C5-81AB-AC01AEBCD10E}.Release|Any CPU.Build.0 = Release|Any CPU
	EndGlobalSection
	GlobalSection(SolutionProperties) = preSolution
		HideSolutionNode = FALSE
	EndGlobalSection
	GlobalSection(ExtensibilityGlobals) = postSolution
		SolutionGuid = {311E5914-0B6B-4B09-9403-4099E5299C83}
	EndGlobalSection
EndGlobal
